// !$*UTF8*$!
{
	archiveVersion = 1;
	classes = {
	};
	objectVersion = 56;
	objects = {

/* Begin PBXBuildFile section */
		CEC1CED829C36E250057A749 /* WeatherAppApp.swift in Sources */ = {isa = PBXBuildFile; fileRef = CEC1CED729C36E250057A749 /* WeatherAppApp.swift */; };
		CEC1CEDA29C36E250057A749 /* ContentView.swift in Sources */ = {isa = PBXBuildFile; fileRef = CEC1CED929C36E250057A749 /* ContentView.swift */; };
		CEC1CEDC29C36E270057A749 /* Assets.xcassets in Resources */ = {isa = PBXBuildFile; fileRef = CEC1CEDB29C36E270057A749 /* Assets.xcassets */; };
		CEC1CEDF29C36E270057A749 /* Preview Assets.xcassets in Resources */ = {isa = PBXBuildFile; fileRef = CEC1CEDE29C36E270057A749 /* Preview Assets.xcassets */; };
		CEC1CEE829C373000057A749 /* HomeView.swift in Sources */ = {isa = PBXBuildFile; fileRef = CEC1CEE729C373000057A749 /* HomeView.swift */; };
		CEC1CEED29C373AA0057A749 /* LocationManager.swift in Sources */ = {isa = PBXBuildFile; fileRef = CEC1CEEC29C373AA0057A749 /* LocationManager.swift */; };
		CEC1CEEF29C373EF0057A749 /* HomeViewModel.swift in Sources */ = {isa = PBXBuildFile; fileRef = CEC1CEEE29C373EF0057A749 /* HomeViewModel.swift */; };
		CEC1CEF229C3749C0057A749 /* Double+Extension.swift in Sources */ = {isa = PBXBuildFile; fileRef = CEC1CEF129C3749C0057A749 /* Double+Extension.swift */; };
		CEC1CEF429C374B30057A749 /* Date+Extension.swift in Sources */ = {isa = PBXBuildFile; fileRef = CEC1CEF329C374B30057A749 /* Date+Extension.swift */; };
		CEC1CEF629C376F50057A749 /* DailyForecastView.swift in Sources */ = {isa = PBXBuildFile; fileRef = CEC1CEF529C376F50057A749 /* DailyForecastView.swift */; };
		CEC1CEF929C37C4F0057A749 /* TemperatureBarView.swift in Sources */ = {isa = PBXBuildFile; fileRef = CEC1CEF829C37C4F0057A749 /* TemperatureBarView.swift */; };
		CEC1CF1F29C425390057A749 /* HomeCityView.swift in Sources */ = {isa = PBXBuildFile; fileRef = CEC1CF1E29C425390057A749 /* HomeCityView.swift */; };
		CEC1CF2129C429130057A749 /* HourlyForecastView.swift in Sources */ = {isa = PBXBuildFile; fileRef = CEC1CF2029C429130057A749 /* HourlyForecastView.swift */; };
		CEC1CF2329C474B30057A749 /* DayView.swift in Sources */ = {isa = PBXBuildFile; fileRef = CEC1CF2229C474B30057A749 /* DayView.swift */; };
		CEC1CF2529C475180057A749 /* DayViewModel.swift in Sources */ = {isa = PBXBuildFile; fileRef = CEC1CF2429C475180057A749 /* DayViewModel.swift */; };
		CEC1CF2729C47B050057A749 /* DayHourlyForecastView.swift in Sources */ = {isa = PBXBuildFile; fileRef = CEC1CF2629C47B050057A749 /* DayHourlyForecastView.swift */; };
		CEC1CF2929C4B7250057A749 /* DayHeaderView.swift in Sources */ = {isa = PBXBuildFile; fileRef = CEC1CF2829C4B7250057A749 /* DayHeaderView.swift */; };
		CEC1CF2B29C4C5200057A749 /* DayHourlyChartView.swift in Sources */ = {isa = PBXBuildFile; fileRef = CEC1CF2A29C4C5200057A749 /* DayHourlyChartView.swift */; };
		CEC1CF8129C977030057A749 /* HomeViewModelTest.swift in Sources */ = {isa = PBXBuildFile; fileRef = CEC1CF8029C977030057A749 /* HomeViewModelTest.swift */; };
		CEC1CF8429C985DF0057A749 /* Double+Extension+Test.swift in Sources */ = {isa = PBXBuildFile; fileRef = CEC1CF8329C985DF0057A749 /* Double+Extension+Test.swift */; };
/* End PBXBuildFile section */

/* Begin PBXContainerItemProxy section */
		CEC1CF7A29C976B20057A749 /* PBXContainerItemProxy */ = {
			isa = PBXContainerItemProxy;
			containerPortal = CEC1CECC29C36E250057A749 /* Project object */;
			proxyType = 1;
			remoteGlobalIDString = CEC1CED329C36E250057A749;
			remoteInfo = WeatherApp;
		};
/* End PBXContainerItemProxy section */

/* Begin PBXFileReference section */
		CEC1CED429C36E250057A749 /* WeatherApp.app */ = {isa = PBXFileReference; explicitFileType = wrapper.application; includeInIndex = 0; path = WeatherApp.app; sourceTree = BUILT_PRODUCTS_DIR; };
		CEC1CED729C36E250057A749 /* WeatherAppApp.swift */ = {isa = PBXFileReference; lastKnownFileType = sourcecode.swift; path = WeatherAppApp.swift; sourceTree = "<group>"; };
		CEC1CED929C36E250057A749 /* ContentView.swift */ = {isa = PBXFileReference; lastKnownFileType = sourcecode.swift; path = ContentView.swift; sourceTree = "<group>"; };
		CEC1CEDB29C36E270057A749 /* Assets.xcassets */ = {isa = PBXFileReference; lastKnownFileType = folder.assetcatalog; path = Assets.xcassets; sourceTree = "<group>"; };
		CEC1CEDE29C36E270057A749 /* Preview Assets.xcassets */ = {isa = PBXFileReference; lastKnownFileType = folder.assetcatalog; path = "Preview Assets.xcassets"; sourceTree = "<group>"; };
		CEC1CEE729C373000057A749 /* HomeView.swift */ = {isa = PBXFileReference; lastKnownFileType = sourcecode.swift; path = HomeView.swift; sourceTree = "<group>"; };
		CEC1CEEC29C373AA0057A749 /* LocationManager.swift */ = {isa = PBXFileReference; lastKnownFileType = sourcecode.swift; path = LocationManager.swift; sourceTree = "<group>"; };
		CEC1CEEE29C373EF0057A749 /* HomeViewModel.swift */ = {isa = PBXFileReference; lastKnownFileType = sourcecode.swift; path = HomeViewModel.swift; sourceTree = "<group>"; };
		CEC1CEF129C3749C0057A749 /* Double+Extension.swift */ = {isa = PBXFileReference; lastKnownFileType = sourcecode.swift; path = "Double+Extension.swift"; sourceTree = "<group>"; };
		CEC1CEF329C374B30057A749 /* Date+Extension.swift */ = {isa = PBXFileReference; lastKnownFileType = sourcecode.swift; path = "Date+Extension.swift"; sourceTree = "<group>"; };
		CEC1CEF529C376F50057A749 /* DailyForecastView.swift */ = {isa = PBXFileReference; lastKnownFileType = sourcecode.swift; path = DailyForecastView.swift; sourceTree = "<group>"; };
		CEC1CEF729C379210057A749 /* WeatherApp.entitlements */ = {isa = PBXFileReference; lastKnownFileType = text.plist.entitlements; path = WeatherApp.entitlements; sourceTree = "<group>"; };
		CEC1CEF829C37C4F0057A749 /* TemperatureBarView.swift */ = {isa = PBXFileReference; lastKnownFileType = sourcecode.swift; path = TemperatureBarView.swift; sourceTree = "<group>"; };
		CEC1CF1E29C425390057A749 /* HomeCityView.swift */ = {isa = PBXFileReference; lastKnownFileType = sourcecode.swift; path = HomeCityView.swift; sourceTree = "<group>"; };
		CEC1CF2029C429130057A749 /* HourlyForecastView.swift */ = {isa = PBXFileReference; lastKnownFileType = sourcecode.swift; path = HourlyForecastView.swift; sourceTree = "<group>"; };
		CEC1CF2229C474B30057A749 /* DayView.swift */ = {isa = PBXFileReference; lastKnownFileType = sourcecode.swift; path = DayView.swift; sourceTree = "<group>"; };
		CEC1CF2429C475180057A749 /* DayViewModel.swift */ = {isa = PBXFileReference; lastKnownFileType = sourcecode.swift; path = DayViewModel.swift; sourceTree = "<group>"; };
		CEC1CF2629C47B050057A749 /* DayHourlyForecastView.swift */ = {isa = PBXFileReference; lastKnownFileType = sourcecode.swift; path = DayHourlyForecastView.swift; sourceTree = "<group>"; };
		CEC1CF2829C4B7250057A749 /* DayHeaderView.swift */ = {isa = PBXFileReference; lastKnownFileType = sourcecode.swift; path = DayHeaderView.swift; sourceTree = "<group>"; };
		CEC1CF2A29C4C5200057A749 /* DayHourlyChartView.swift */ = {isa = PBXFileReference; lastKnownFileType = sourcecode.swift; path = DayHourlyChartView.swift; sourceTree = "<group>"; };
		CEC1CF7629C976B20057A749 /* WeatherAppTests.xctest */ = {isa = PBXFileReference; explicitFileType = wrapper.cfbundle; includeInIndex = 0; path = WeatherAppTests.xctest; sourceTree = BUILT_PRODUCTS_DIR; };
		CEC1CF8029C977030057A749 /* HomeViewModelTest.swift */ = {isa = PBXFileReference; lastKnownFileType = sourcecode.swift; path = HomeViewModelTest.swift; sourceTree = "<group>"; };
		CEC1CF8329C985DF0057A749 /* Double+Extension+Test.swift */ = {isa = PBXFileReference; lastKnownFileType = sourcecode.swift; path = "Double+Extension+Test.swift"; sourceTree = "<group>"; };
/* End PBXFileReference section */

/* Begin PBXFrameworksBuildPhase section */
		CEC1CED129C36E250057A749 /* Frameworks */ = {
			isa = PBXFrameworksBuildPhase;
			buildActionMask = 2147483647;
			files = (
			);
			runOnlyForDeploymentPostprocessing = 0;
		};
		CEC1CF7329C976B20057A749 /* Frameworks */ = {
			isa = PBXFrameworksBuildPhase;
			buildActionMask = 2147483647;
			files = (
			);
			runOnlyForDeploymentPostprocessing = 0;
		};
/* End PBXFrameworksBuildPhase section */

/* Begin PBXGroup section */
		CEC1CECB29C36E250057A749 = {
			isa = PBXGroup;
			children = (
				CEC1CED629C36E250057A749 /* WeatherApp */,
				CEC1CF7729C976B20057A749 /* WeatherAppTests */,
				CEC1CED529C36E250057A749 /* Products */,
			);
			sourceTree = "<group>";
		};
		CEC1CED529C36E250057A749 /* Products */ = {
			isa = PBXGroup;
			children = (
				CEC1CED429C36E250057A749 /* WeatherApp.app */,
				CEC1CF7629C976B20057A749 /* WeatherAppTests.xctest */,
			);
			name = Products;
			sourceTree = "<group>";
		};
		CEC1CED629C36E250057A749 /* WeatherApp */ = {
			isa = PBXGroup;
			children = (
				CEC1CEF729C379210057A749 /* WeatherApp.entitlements */,
				CEC1CED729C36E250057A749 /* WeatherAppApp.swift */,
				CEC1CED929C36E250057A749 /* ContentView.swift */,
				CEC1CEF029C3747A0057A749 /* Extensions */,
				CEC1CEE929C373600057A749 /* Helpers */,
				CEC1CEE529C372480057A749 /* Screens */,
				CEC1CEDB29C36E270057A749 /* Assets.xcassets */,
				CEC1CEDD29C36E270057A749 /* Preview Content */,
			);
			path = WeatherApp;
			sourceTree = "<group>";
		};
		CEC1CEDD29C36E270057A749 /* Preview Content */ = {
			isa = PBXGroup;
			children = (
				CEC1CEDE29C36E270057A749 /* Preview Assets.xcassets */,
			);
			path = "Preview Content";
			sourceTree = "<group>";
		};
		CEC1CEE529C372480057A749 /* Screens */ = {
			isa = PBXGroup;
			children = (
				CEC1CEE629C372860057A749 /* Home */,
				CEC1CEFA29C37D560057A749 /* DayDetail */,
			);
			path = Screens;
			sourceTree = "<group>";
		};
		CEC1CEE629C372860057A749 /* Home */ = {
			isa = PBXGroup;
			children = (
				CEC1CEEE29C373EF0057A749 /* HomeViewModel.swift */,
				CEC1CEE729C373000057A749 /* HomeView.swift */,
				CEC1CF1E29C425390057A749 /* HomeCityView.swift */,
				CEC1CF2029C429130057A749 /* HourlyForecastView.swift */,
				CEC1CEF829C37C4F0057A749 /* TemperatureBarView.swift */,
				CEC1CEF529C376F50057A749 /* DailyForecastView.swift */,
			);
			path = Home;
			sourceTree = "<group>";
		};
		CEC1CEE929C373600057A749 /* Helpers */ = {
			isa = PBXGroup;
			children = (
				CEC1CEEC29C373AA0057A749 /* LocationManager.swift */,
			);
			path = Helpers;
			sourceTree = "<group>";
		};
		CEC1CEF029C3747A0057A749 /* Extensions */ = {
			isa = PBXGroup;
			children = (
				CEC1CEF129C3749C0057A749 /* Double+Extension.swift */,
				CEC1CEF329C374B30057A749 /* Date+Extension.swift */,
			);
			path = Extensions;
			sourceTree = "<group>";
		};
		CEC1CEFA29C37D560057A749 /* DayDetail */ = {
			isa = PBXGroup;
			children = (
				CEC1CF2429C475180057A749 /* DayViewModel.swift */,
				CEC1CF2229C474B30057A749 /* DayView.swift */,
				CEC1CF2829C4B7250057A749 /* DayHeaderView.swift */,
				CEC1CF2A29C4C5200057A749 /* DayHourlyChartView.swift */,
				CEC1CF2629C47B050057A749 /* DayHourlyForecastView.swift */,
			);
			path = DayDetail;
			sourceTree = "<group>";
		};
		CEC1CF7729C976B20057A749 /* WeatherAppTests */ = {
			isa = PBXGroup;
			children = (
				CEC1CF8229C985B20057A749 /* Extensions */,
				CEC1CF7F29C976E00057A749 /* ViewModels */,
			);
			path = WeatherAppTests;
			sourceTree = "<group>";
		};
		CEC1CF7F29C976E00057A749 /* ViewModels */ = {
			isa = PBXGroup;
			children = (
				CEC1CF8029C977030057A749 /* HomeViewModelTest.swift */,
			);
			path = ViewModels;
			sourceTree = "<group>";
		};
		CEC1CF8229C985B20057A749 /* Extensions */ = {
			isa = PBXGroup;
			children = (
				CEC1CF8329C985DF0057A749 /* Double+Extension+Test.swift */,
			);
			path = Extensions;
			sourceTree = "<group>";
		};
/* End PBXGroup section */

/* Begin PBXNativeTarget section */
		CEC1CED329C36E250057A749 /* WeatherApp */ = {
			isa = PBXNativeTarget;
			buildConfigurationList = CEC1CEE229C36E270057A749 /* Build configuration list for PBXNativeTarget "WeatherApp" */;
			buildPhases = (
				CEC1CED029C36E250057A749 /* Sources */,
				CEC1CED129C36E250057A749 /* Frameworks */,
				CEC1CED229C36E250057A749 /* Resources */,
			);
			buildRules = (
			);
			dependencies = (
			);
			name = WeatherApp;
			productName = WeatherApp;
			productReference = CEC1CED429C36E250057A749 /* WeatherApp.app */;
			productType = "com.apple.product-type.application";
		};
		CEC1CF7529C976B20057A749 /* WeatherAppTests */ = {
			isa = PBXNativeTarget;
			buildConfigurationList = CEC1CF7E29C976B20057A749 /* Build configuration list for PBXNativeTarget "WeatherAppTests" */;
			buildPhases = (
				CEC1CF7229C976B20057A749 /* Sources */,
				CEC1CF7329C976B20057A749 /* Frameworks */,
				CEC1CF7429C976B20057A749 /* Resources */,
			);
			buildRules = (
			);
			dependencies = (
				CEC1CF7B29C976B20057A749 /* PBXTargetDependency */,
			);
			name = WeatherAppTests;
			productName = WeatherAppTests;
			productReference = CEC1CF7629C976B20057A749 /* WeatherAppTests.xctest */;
			productType = "com.apple.product-type.bundle.unit-test";
		};
/* End PBXNativeTarget section */

/* Begin PBXProject section */
		CEC1CECC29C36E250057A749 /* Project object */ = {
			isa = PBXProject;
			attributes = {
				BuildIndependentTargetsInParallel = 1;
				LastSwiftUpdateCheck = 1420;
				LastUpgradeCheck = 1420;
				TargetAttributes = {
					CEC1CED329C36E250057A749 = {
						CreatedOnToolsVersion = 14.2;
					};
					CEC1CF7529C976B20057A749 = {
						CreatedOnToolsVersion = 14.2;
						TestTargetID = CEC1CED329C36E250057A749;
					};
				};
			};
			buildConfigurationList = CEC1CECF29C36E250057A749 /* Build configuration list for PBXProject "WeatherApp" */;
			compatibilityVersion = "Xcode 14.0";
			developmentRegion = en;
			hasScannedForEncodings = 0;
			knownRegions = (
				en,
				Base,
			);
			mainGroup = CEC1CECB29C36E250057A749;
			productRefGroup = CEC1CED529C36E250057A749 /* Products */;
			projectDirPath = "";
			projectRoot = "";
			targets = (
				CEC1CED329C36E250057A749 /* WeatherApp */,
				CEC1CF7529C976B20057A749 /* WeatherAppTests */,
			);
		};
/* End PBXProject section */

/* Begin PBXResourcesBuildPhase section */
		CEC1CED229C36E250057A749 /* Resources */ = {
			isa = PBXResourcesBuildPhase;
			buildActionMask = 2147483647;
			files = (
				CEC1CEDF29C36E270057A749 /* Preview Assets.xcassets in Resources */,
				CEC1CEDC29C36E270057A749 /* Assets.xcassets in Resources */,
			);
			runOnlyForDeploymentPostprocessing = 0;
		};
		CEC1CF7429C976B20057A749 /* Resources */ = {
			isa = PBXResourcesBuildPhase;
			buildActionMask = 2147483647;
			files = (
			);
			runOnlyForDeploymentPostprocessing = 0;
		};
/* End PBXResourcesBuildPhase section */

/* Begin PBXSourcesBuildPhase section */
		CEC1CED029C36E250057A749 /* Sources */ = {
			isa = PBXSourcesBuildPhase;
			buildActionMask = 2147483647;
			files = (
				CEC1CF2129C429130057A749 /* HourlyForecastView.swift in Sources */,
				CEC1CF2329C474B30057A749 /* DayView.swift in Sources */,
				CEC1CF2529C475180057A749 /* DayViewModel.swift in Sources */,
				CEC1CEE829C373000057A749 /* HomeView.swift in Sources */,
				CEC1CEF629C376F50057A749 /* DailyForecastView.swift in Sources */,
				CEC1CEDA29C36E250057A749 /* ContentView.swift in Sources */,
				CEC1CEF929C37C4F0057A749 /* TemperatureBarView.swift in Sources */,
				CEC1CF1F29C425390057A749 /* HomeCityView.swift in Sources */,
				CEC1CF2B29C4C5200057A749 /* DayHourlyChartView.swift in Sources */,
				CEC1CF2929C4B7250057A749 /* DayHeaderView.swift in Sources */,
				CEC1CEF229C3749C0057A749 /* Double+Extension.swift in Sources */,
				CEC1CEED29C373AA0057A749 /* LocationManager.swift in Sources */,
				CEC1CEF429C374B30057A749 /* Date+Extension.swift in Sources */,
				CEC1CED829C36E250057A749 /* WeatherAppApp.swift in Sources */,
				CEC1CEEF29C373EF0057A749 /* HomeViewModel.swift in Sources */,
				CEC1CF2729C47B050057A749 /* DayHourlyForecastView.swift in Sources */,
			);
			runOnlyForDeploymentPostprocessing = 0;
		};
		CEC1CF7229C976B20057A749 /* Sources */ = {
			isa = PBXSourcesBuildPhase;
			buildActionMask = 2147483647;
			files = (
				CEC1CF8429C985DF0057A749 /* Double+Extension+Test.swift in Sources */,
				CEC1CF8129C977030057A749 /* HomeViewModelTest.swift in Sources */,
			);
			runOnlyForDeploymentPostprocessing = 0;
		};
/* End PBXSourcesBuildPhase section */

/* Begin PBXTargetDependency section */
		CEC1CF7B29C976B20057A749 /* PBXTargetDependency */ = {
			isa = PBXTargetDependency;
			target = CEC1CED329C36E250057A749 /* WeatherApp */;
			targetProxy = CEC1CF7A29C976B20057A749 /* PBXContainerItemProxy */;
		};
/* End PBXTargetDependency section */

/* Begin XCBuildConfiguration section */
		CEC1CEE029C36E270057A749 /* Debug */ = {
			isa = XCBuildConfiguration;
			buildSettings = {
				ALWAYS_SEARCH_USER_PATHS = NO;
				CLANG_ANALYZER_NONNULL = YES;
				CLANG_ANALYZER_NUMBER_OBJECT_CONVERSION = YES_AGGRESSIVE;
				CLANG_CXX_LANGUAGE_STANDARD = "gnu++20";
				CLANG_ENABLE_MODULES = YES;
				CLANG_ENABLE_OBJC_ARC = YES;
				CLANG_ENABLE_OBJC_WEAK = YES;
				CLANG_WARN_BLOCK_CAPTURE_AUTORELEASING = YES;
				CLANG_WARN_BOOL_CONVERSION = YES;
				CLANG_WARN_COMMA = YES;
				CLANG_WARN_CONSTANT_CONVERSION = YES;
				CLANG_WARN_DEPRECATED_OBJC_IMPLEMENTATIONS = YES;
				CLANG_WARN_DIRECT_OBJC_ISA_USAGE = YES_ERROR;
				CLANG_WARN_DOCUMENTATION_COMMENTS = YES;
				CLANG_WARN_EMPTY_BODY = YES;
				CLANG_WARN_ENUM_CONVERSION = YES;
				CLANG_WARN_INFINITE_RECURSION = YES;
				CLANG_WARN_INT_CONVERSION = YES;
				CLANG_WARN_NON_LITERAL_NULL_CONVERSION = YES;
				CLANG_WARN_OBJC_IMPLICIT_RETAIN_SELF = YES;
				CLANG_WARN_OBJC_LITERAL_CONVERSION = YES;
				CLANG_WARN_OBJC_ROOT_CLASS = YES_ERROR;
				CLANG_WARN_QUOTED_INCLUDE_IN_FRAMEWORK_HEADER = YES;
				CLANG_WARN_RANGE_LOOP_ANALYSIS = YES;
				CLANG_WARN_STRICT_PROTOTYPES = YES;
				CLANG_WARN_SUSPICIOUS_MOVE = YES;
				CLANG_WARN_UNGUARDED_AVAILABILITY = YES_AGGRESSIVE;
				CLANG_WARN_UNREACHABLE_CODE = YES;
				CLANG_WARN__DUPLICATE_METHOD_MATCH = YES;
				COPY_PHASE_STRIP = NO;
				DEBUG_INFORMATION_FORMAT = dwarf;
				ENABLE_STRICT_OBJC_MSGSEND = YES;
				ENABLE_TESTABILITY = YES;
				GCC_C_LANGUAGE_STANDARD = gnu11;
				GCC_DYNAMIC_NO_PIC = NO;
				GCC_NO_COMMON_BLOCKS = YES;
				GCC_OPTIMIZATION_LEVEL = 0;
				GCC_PREPROCESSOR_DEFINITIONS = (
					"DEBUG=1",
					"$(inherited)",
				);
				GCC_WARN_64_TO_32_BIT_CONVERSION = YES;
				GCC_WARN_ABOUT_RETURN_TYPE = YES_ERROR;
				GCC_WARN_UNDECLARED_SELECTOR = YES;
				GCC_WARN_UNINITIALIZED_AUTOS = YES_AGGRESSIVE;
				GCC_WARN_UNUSED_FUNCTION = YES;
				GCC_WARN_UNUSED_VARIABLE = YES;
				IPHONEOS_DEPLOYMENT_TARGET = 16.2;
				MTL_ENABLE_DEBUG_INFO = INCLUDE_SOURCE;
				MTL_FAST_MATH = YES;
				ONLY_ACTIVE_ARCH = YES;
				SDKROOT = iphoneos;
				SWIFT_ACTIVE_COMPILATION_CONDITIONS = DEBUG;
				SWIFT_OPTIMIZATION_LEVEL = "-Onone";
			};
			name = Debug;
		};
		CEC1CEE129C36E270057A749 /* Release */ = {
			isa = XCBuildConfiguration;
			buildSettings = {
				ALWAYS_SEARCH_USER_PATHS = NO;
				CLANG_ANALYZER_NONNULL = YES;
				CLANG_ANALYZER_NUMBER_OBJECT_CONVERSION = YES_AGGRESSIVE;
				CLANG_CXX_LANGUAGE_STANDARD = "gnu++20";
				CLANG_ENABLE_MODULES = YES;
				CLANG_ENABLE_OBJC_ARC = YES;
				CLANG_ENABLE_OBJC_WEAK = YES;
				CLANG_WARN_BLOCK_CAPTURE_AUTORELEASING = YES;
				CLANG_WARN_BOOL_CONVERSION = YES;
				CLANG_WARN_COMMA = YES;
				CLANG_WARN_CONSTANT_CONVERSION = YES;
				CLANG_WARN_DEPRECATED_OBJC_IMPLEMENTATIONS = YES;
				CLANG_WARN_DIRECT_OBJC_ISA_USAGE = YES_ERROR;
				CLANG_WARN_DOCUMENTATION_COMMENTS = YES;
				CLANG_WARN_EMPTY_BODY = YES;
				CLANG_WARN_ENUM_CONVERSION = YES;
				CLANG_WARN_INFINITE_RECURSION = YES;
				CLANG_WARN_INT_CONVERSION = YES;
				CLANG_WARN_NON_LITERAL_NULL_CONVERSION = YES;
				CLANG_WARN_OBJC_IMPLICIT_RETAIN_SELF = YES;
				CLANG_WARN_OBJC_LITERAL_CONVERSION = YES;
				CLANG_WARN_OBJC_ROOT_CLASS = YES_ERROR;
				CLANG_WARN_QUOTED_INCLUDE_IN_FRAMEWORK_HEADER = YES;
				CLANG_WARN_RANGE_LOOP_ANALYSIS = YES;
				CLANG_WARN_STRICT_PROTOTYPES = YES;
				CLANG_WARN_SUSPICIOUS_MOVE = YES;
				CLANG_WARN_UNGUARDED_AVAILABILITY = YES_AGGRESSIVE;
				CLANG_WARN_UNREACHABLE_CODE = YES;
				CLANG_WARN__DUPLICATE_METHOD_MATCH = YES;
				COPY_PHASE_STRIP = NO;
				DEBUG_INFORMATION_FORMAT = "dwarf-with-dsym";
				ENABLE_NS_ASSERTIONS = NO;
				ENABLE_STRICT_OBJC_MSGSEND = YES;
				GCC_C_LANGUAGE_STANDARD = gnu11;
				GCC_NO_COMMON_BLOCKS = YES;
				GCC_WARN_64_TO_32_BIT_CONVERSION = YES;
				GCC_WARN_ABOUT_RETURN_TYPE = YES_ERROR;
				GCC_WARN_UNDECLARED_SELECTOR = YES;
				GCC_WARN_UNINITIALIZED_AUTOS = YES_AGGRESSIVE;
				GCC_WARN_UNUSED_FUNCTION = YES;
				GCC_WARN_UNUSED_VARIABLE = YES;
				IPHONEOS_DEPLOYMENT_TARGET = 16.2;
				MTL_ENABLE_DEBUG_INFO = NO;
				MTL_FAST_MATH = YES;
				SDKROOT = iphoneos;
				SWIFT_COMPILATION_MODE = wholemodule;
				SWIFT_OPTIMIZATION_LEVEL = "-O";
				VALIDATE_PRODUCT = YES;
			};
			name = Release;
		};
		CEC1CEE329C36E270057A749 /* Debug */ = {
			isa = XCBuildConfiguration;
			buildSettings = {
				ASSETCATALOG_COMPILER_APPICON_NAME = AppIcon;
				ASSETCATALOG_COMPILER_GLOBAL_ACCENT_COLOR_NAME = AccentColor;
				CODE_SIGN_ENTITLEMENTS = WeatherApp/WeatherApp.entitlements;
				CODE_SIGN_IDENTITY = "Apple Development";
				CODE_SIGN_STYLE = Automatic;
				CURRENT_PROJECT_VERSION = 1;
				DEVELOPMENT_ASSET_PATHS = "\"WeatherApp/Preview Content\"";
				DEVELOPMENT_TEAM = ZA5XSN9ZD3;
				ENABLE_PREVIEWS = YES;
				GENERATE_INFOPLIST_FILE = YES;
				INFOPLIST_KEY_NSLocationAlwaysAndWhenInUseUsageDescription = "App requires location permission";
				INFOPLIST_KEY_NSLocationAlwaysUsageDescription = "App requires location permission";
				INFOPLIST_KEY_NSLocationWhenInUseUsageDescription = "App requires location permission";
				INFOPLIST_KEY_UIApplicationSceneManifest_Generation = YES;
				INFOPLIST_KEY_UIApplicationSupportsIndirectInputEvents = YES;
				INFOPLIST_KEY_UILaunchScreen_Generation = YES;
				INFOPLIST_KEY_UISupportedInterfaceOrientations_iPad = "UIInterfaceOrientationPortrait UIInterfaceOrientationPortraitUpsideDown UIInterfaceOrientationLandscapeLeft UIInterfaceOrientationLandscapeRight";
				INFOPLIST_KEY_UISupportedInterfaceOrientations_iPhone = "UIInterfaceOrientationPortrait UIInterfaceOrientationLandscapeLeft UIInterfaceOrientationLandscapeRight";
				LD_RUNPATH_SEARCH_PATHS = (
					"$(inherited)",
					"@executable_path/Frameworks",
				);
				MARKETING_VERSION = 1.0;
				PRODUCT_BUNDLE_IDENTIFIER = lit.sample.weatherapp;
				PRODUCT_NAME = "$(TARGET_NAME)";
				PROVISIONING_PROFILE_SPECIFIER = "";
				SWIFT_EMIT_LOC_STRINGS = YES;
				SWIFT_VERSION = 5.0;
				TARGETED_DEVICE_FAMILY = "1,2";
			};
			name = Debug;
		};
		CEC1CEE429C36E270057A749 /* Release */ = {
			isa = XCBuildConfiguration;
			buildSettings = {
				ASSETCATALOG_COMPILER_APPICON_NAME = AppIcon;
				ASSETCATALOG_COMPILER_GLOBAL_ACCENT_COLOR_NAME = AccentColor;
				CODE_SIGN_ENTITLEMENTS = WeatherApp/WeatherApp.entitlements;
				CODE_SIGN_IDENTITY = "Apple Development";
				CODE_SIGN_STYLE = Automatic;
				CURRENT_PROJECT_VERSION = 1;
				DEVELOPMENT_ASSET_PATHS = "\"WeatherApp/Preview Content\"";
				DEVELOPMENT_TEAM = ZA5XSN9ZD3;
				ENABLE_PREVIEWS = YES;
				GENERATE_INFOPLIST_FILE = YES;
				INFOPLIST_KEY_NSLocationAlwaysAndWhenInUseUsageDescription = "App requires location permission";
				INFOPLIST_KEY_NSLocationAlwaysUsageDescription = "App requires location permission";
				INFOPLIST_KEY_NSLocationWhenInUseUsageDescription = "App requires location permission";
				INFOPLIST_KEY_UIApplicationSceneManifest_Generation = YES;
				INFOPLIST_KEY_UIApplicationSupportsIndirectInputEvents = YES;
				INFOPLIST_KEY_UILaunchScreen_Generation = YES;
				INFOPLIST_KEY_UISupportedInterfaceOrientations_iPad = "UIInterfaceOrientationPortrait UIInterfaceOrientationPortraitUpsideDown UIInterfaceOrientationLandscapeLeft UIInterfaceOrientationLandscapeRight";
				INFOPLIST_KEY_UISupportedInterfaceOrientations_iPhone = "UIInterfaceOrientationPortrait UIInterfaceOrientationLandscapeLeft UIInterfaceOrientationLandscapeRight";
				LD_RUNPATH_SEARCH_PATHS = (
					"$(inherited)",
					"@executable_path/Frameworks",
				);
				MARKETING_VERSION = 1.0;
				PRODUCT_BUNDLE_IDENTIFIER = lit.sample.weatherapp;
				PRODUCT_NAME = "$(TARGET_NAME)";
				PROVISIONING_PROFILE_SPECIFIER = "";
				SWIFT_EMIT_LOC_STRINGS = YES;
				SWIFT_VERSION = 5.0;
				TARGETED_DEVICE_FAMILY = "1,2";
			};
			name = Release;
		};
		CEC1CF7C29C976B20057A749 /* Debug */ = {
			isa = XCBuildConfiguration;
			buildSettings = {
				BUNDLE_LOADER = "$(TEST_HOST)";
				CODE_SIGN_STYLE = Automatic;
				CURRENT_PROJECT_VERSION = 1;
				DEVELOPMENT_TEAM = W5KG65Q7R6;
				GENERATE_INFOPLIST_FILE = YES;
				IPHONEOS_DEPLOYMENT_TARGET = 16.2;
				MACOSX_DEPLOYMENT_TARGET = 13.1;
				MARKETING_VERSION = 1.0;
				PRODUCT_BUNDLE_IDENTIFIER = com.sample.WeatherAppTests;
				PRODUCT_NAME = "$(TARGET_NAME)";
				SDKROOT = auto;
				SUPPORTED_PLATFORMS = "iphoneos iphonesimulator macosx";
				SWIFT_EMIT_LOC_STRINGS = NO;
				SWIFT_VERSION = 5.0;
				TARGETED_DEVICE_FAMILY = "1,2";
				TEST_HOST = "$(BUILT_PRODUCTS_DIR)/WeatherApp.app/$(BUNDLE_EXECUTABLE_FOLDER_PATH)/WeatherApp";
			};
			name = Debug;
		};
		CEC1CF7D29C976B20057A749 /* Release */ = {
			isa = XCBuildConfiguration;
			buildSettings = {
				BUNDLE_LOADER = "$(TEST_HOST)";
				CODE_SIGN_STYLE = Automatic;
				CURRENT_PROJECT_VERSION = 1;
				DEVELOPMENT_TEAM = W5KG65Q7R6;
				GENERATE_INFOPLIST_FILE = YES;
				IPHONEOS_DEPLOYMENT_TARGET = 16.2;
				MACOSX_DEPLOYMENT_TARGET = 13.1;
				MARKETING_VERSION = 1.0;
				PRODUCT_BUNDLE_IDENTIFIER = com.sample.WeatherAppTests;
				PRODUCT_NAME = "$(TARGET_NAME)";
				SDKROOT = auto;
				SUPPORTED_PLATFORMS = "iphoneos iphonesimulator macosx";
				SWIFT_EMIT_LOC_STRINGS = NO;
				SWIFT_VERSION = 5.0;
				TARGETED_DEVICE_FAMILY = "1,2";
				TEST_HOST = "$(BUILT_PRODUCTS_DIR)/WeatherApp.app/$(BUNDLE_EXECUTABLE_FOLDER_PATH)/WeatherApp";
			};
			name = Release;
		};
/* End XCBuildConfiguration section */

/* Begin XCConfigurationList section */
		CEC1CECF29C36E250057A749 /* Build configuration list for PBXProject "WeatherApp" */ = {
			isa = XCConfigurationList;
			buildConfigurations = (
				CEC1CEE029C36E270057A749 /* Debug */,
				CEC1CEE129C36E270057A749 /* Release */,
			);
			defaultConfigurationIsVisible = 0;
			defaultConfigurationName = Release;
		};
		CEC1CEE229C36E270057A749 /* Build configuration list for PBXNativeTarget "WeatherApp" */ = {
			isa = XCConfigurationList;
			buildConfigurations = (
				CEC1CEE329C36E270057A749 /* Debug */,
				CEC1CEE429C36E270057A749 /* Release */,
			);
			defaultConfigurationIsVisible = 0;
			defaultConfigurationName = Release;
		};
		CEC1CF7E29C976B20057A749 /* Build configuration list for PBXNativeTarget "WeatherAppTests" */ = {
			isa = XCConfigurationList;
			buildConfigurations = (
				CEC1CF7C29C976B20057A749 /* Debug */,
				CEC1CF7D29C976B20057A749 /* Release */,
			);
			defaultConfigurationIsVisible = 0;
			defaultConfigurationName = Release;
		};
/* End XCConfigurationList section */
	};
	rootObject = CEC1CECC29C36E250057A749 /* Project object */;
}
